
Microsoft Visual Studio Solution File, Format Version 11.00
# Visual Studio 2010
Project("{FAE04EC0-301F-11D3-BF4B-00C04F79EFBC}") = "19-MediatorPattern", "19-MediatorPattern\19-MediatorPattern.csproj", "{BDB27B3F-7ACB-4047-8ADD-BC2F441DBCCC}"
EndProject
Global
	GlobalSection(SolutionConfigurationPlatforms) = preSolution
		Debug|x86 = Debug|x86
		Release|x86 = Release|x86
	EndGlobalSection
	GlobalSection(ProjectConfigurationPlatforms) = postSolution
		{BDB27B3F-7ACB-4047-8ADD-BC2F441DBCCC}.Debug|x86.ActiveCfg = Debug|x86
		{BDB27B3F-7ACB-4047-8ADD-BC2F441DBCCC}.Debug|x86.Build.0 = Debug|x86
		{BDB27B3F-7ACB-4047-8ADD-BC2F441DBCCC}.Release|x86.ActiveCfg = Release|x86
		{BDB27B3F-7ACB-4047-8ADD-BC2F441DBCCC}.Release|x86.Build.0 = Release|x86
	EndGlobalSection
	GlobalSection(SolutionProperties) = preSolution
		HideSolutionNode = FALSE
	EndGlobalSection
EndGlobal
