
Microsoft Visual Studio Solution File, Format Version 11.00
# Visual Studio 2010
Project("{FAE04EC0-301F-11D3-BF4B-00C04F79EFBC}") = "12-FlyweightPattern", "12-FlyweightPattern\12-FlyweightPattern.csproj", "{DFAEDDDA-1361-4E37-847A-80DDE8A5ACBC}"
EndProject
Global
	GlobalSection(SolutionConfigurationPlatforms) = preSolution
		Debug|x86 = Debug|x86
		Release|x86 = Release|x86
	EndGlobalSection
	GlobalSection(ProjectConfigurationPlatforms) = postSolution
		{DFAEDDDA-1361-4E37-847A-80DDE8A5ACBC}.Debug|x86.ActiveCfg = Debug|x86
		{DFAEDDDA-1361-4E37-847A-80DDE8A5ACBC}.Debug|x86.Build.0 = Debug|x86
		{DFAEDDDA-1361-4E37-847A-80DDE8A5ACBC}.Release|x86.ActiveCfg = Release|x86
		{DFAEDDDA-1361-4E37-847A-80DDE8A5ACBC}.Release|x86.Build.0 = Release|x86
	EndGlobalSection
	GlobalSection(SolutionProperties) = preSolution
		HideSolutionNode = FALSE
	EndGlobalSection
EndGlobal
